<Solution>
  <Folder Name="/tests/">
    <Project Path="tests/IntegrationTests/IntegrationTests.csproj" />
    <Project Path="tests/SecurityTests/SecurityTests.csproj" />
    <Project Path="tests/UnitTests/UnitTests.csproj" />
  </Folder>
  <Project Path="Application/Application.csproj" />
  <Project Path="Domain/Domain.csproj" />
  <Project Path="Infrastructure/Infrastructure.csproj" />
  <Project Path="VideoHostingServer/VideoHostingServer.csproj" />
</Solution>
